
Microsoft Visual Studio Solution File, Format Version 12.00
# Visual Studio for Mac
Project("{FAE04EC0-301F-11D3-BF4B-00C04F79EFBC}") = "Assembly-CSharp", "Assembly-CSharp.csproj", "{02CF8D4E-595F-591D-89CE-E817E1D232BE}"
EndProject
Global
	GlobalSection(SolutionConfigurationPlatforms) = preSolution
		Debug|Any CPU = Debug|Any CPU
		Release|Any CPU = Release|Any CPU
	EndGlobalSection
	GlobalSection(ProjectConfigurationPlatforms) = postSolution
		{02CF8D4E-595F-591D-89CE-E817E1D232BE}.Debug|Any CPU.ActiveCfg = Debug|Any CPU
		{02CF8D4E-595F-591D-89CE-E817E1D232BE}.Debug|Any CPU.Build.0 = Debug|Any CPU
		{02CF8D4E-595F-591D-89CE-E817E1D232BE}.Release|Any CPU.ActiveCfg = Release|Any CPU
		{02CF8D4E-595F-591D-89CE-E817E1D232BE}.Release|Any CPU.Build.0 = Release|Any CPU
	EndGlobalSection
	GlobalSection(SolutionProperties) = preSolution
		HideSolutionNode = FALSE
	EndGlobalSection
	GlobalSection(MonoDevelopProperties) = preSolution
		StartupItem = Assembly-CSharp.csproj
	EndGlobalSection
EndGlobal
